PODS:
  - Kiwi (2.2.2):
    - Kiwi/SenTestingKit
  - Kiwi/ARC (2.2.2)
  - Kiwi/NonARC (2.2.2)
  - Kiwi/SenTestingKit (2.2.2):
    - Kiwi/ARC
    - Kiwi/NonARC
  - MGObjectiveUtils (0.0.2)
  - OCMock (2.1.1)

DEPENDENCIES:
  - Kiwi (~> 2.2.2)
  - MGObjectiveUtils (from `../`)
  - OCMock (~> 2.1.1)

EXTERNAL SOURCES:
  MGObjectiveUtils:
    :path: ../

SPEC CHECKSUMS:
  Kiwi: 03539aeb004ccd42bdbc31253617b26364315df4
  MGObjectiveUtils: ab050d4e9491dd0fc92dece4967c23c31eeff0b5
  OCMock: 79212e5e328378af5cfd6edb5feacfd6c49cd8a3

COCOAPODS: 0.26.2
