PODS:
  - Kiwi (2.0.6)
  - MGObjectiveUtils (0.0.1)

DEPENDENCIES:
  - Kiwi (~> 2.0.6)
  - MGObjectiveUtils (from `../`)

EXTERNAL SOURCES:
  MGObjectiveUtils:
    :path: ../

SPEC CHECKSUMS:
  Kiwi: 56082a80f942de4d10423d8d8a599ab30cf50228
  MGObjectiveUtils: 5cd9458de3397c2ebf1e87299db8e59e67d5a585

COCOAPODS: 0.20.2
