// !$*UTF8*$!
{
	archiveVersion = 1;
	classes = {
	};
	objectVersion = 46;
	objects = {

/* Begin PBXBuildFile section */
		3F571F131729283B00FBF2AC /* UIKit.framework in Frameworks */ = {isa = PBXBuildFile; fileRef = 3F571F121729283B00FBF2AC /* UIKit.framework */; };
		3F571F151729283B00FBF2AC /* Foundation.framework in Frameworks */ = {isa = PBXBuildFile; fileRef = 3F571F141729283B00FBF2AC /* Foundation.framework */; };
		3F571F171729283B00FBF2AC /* CoreGraphics.framework in Frameworks */ = {isa = PBXBuildFile; fileRef = 3F571F161729283B00FBF2AC /* CoreGraphics.framework */; };
		3F571F1D1729283B00FBF2AC /* InfoPlist.strings in Resources */ = {isa = PBXBuildFile; fileRef = 3F571F1B1729283B00FBF2AC /* InfoPlist.strings */; };
		3F571F1F1729283B00FBF2AC /* main.m in Sources */ = {isa = PBXBuildFile; fileRef = 3F571F1E1729283B00FBF2AC /* main.m */; };
		3F571F231729283B00FBF2AC /* MGAppDelegate.m in Sources */ = {isa = PBXBuildFile; fileRef = 3F571F221729283B00FBF2AC /* MGAppDelegate.m */; };
		3F571F251729283B00FBF2AC /* Default.png in Resources */ = {isa = PBXBuildFile; fileRef = 3F571F241729283B00FBF2AC /* Default.png */; };
		3F571F271729283B00FBF2AC /* Default@2x.png in Resources */ = {isa = PBXBuildFile; fileRef = 3F571F261729283B00FBF2AC /* Default@2x.png */; };
		3F571F291729283B00FBF2AC /* Default-568h@2x.png in Resources */ = {isa = PBXBuildFile; fileRef = 3F571F281729283B00FBF2AC /* Default-568h@2x.png */; };
		3F571F2C1729283B00FBF2AC /* MGViewController.m in Sources */ = {isa = PBXBuildFile; fileRef = 3F571F2B1729283B00FBF2AC /* MGViewController.m */; };
		3F571F2F1729283B00FBF2AC /* MGViewController.xib in Resources */ = {isa = PBXBuildFile; fileRef = 3F571F2D1729283B00FBF2AC /* MGViewController.xib */; };
		3F571F371729283B00FBF2AC /* SenTestingKit.framework in Frameworks */ = {isa = PBXBuildFile; fileRef = 3F571F361729283B00FBF2AC /* SenTestingKit.framework */; };
		3F571F381729283B00FBF2AC /* UIKit.framework in Frameworks */ = {isa = PBXBuildFile; fileRef = 3F571F121729283B00FBF2AC /* UIKit.framework */; };
		3F571F391729283B00FBF2AC /* Foundation.framework in Frameworks */ = {isa = PBXBuildFile; fileRef = 3F571F141729283B00FBF2AC /* Foundation.framework */; };
		3F571F411729283B00FBF2AC /* InfoPlist.strings in Resources */ = {isa = PBXBuildFile; fileRef = 3F571F3F1729283B00FBF2AC /* InfoPlist.strings */; };
		3F571F441729283B00FBF2AC /* ObjectiveUtilsExamplesTests.m in Sources */ = {isa = PBXBuildFile; fileRef = 3F571F431729283B00FBF2AC /* ObjectiveUtilsExamplesTests.m */; };
		3F571F51172928A600FBF2AC /* MGInsetLabel.m in Sources */ = {isa = PBXBuildFile; fileRef = 3F571F50172928A600FBF2AC /* MGInsetLabel.m */; };
/* End PBXBuildFile section */

/* Begin PBXContainerItemProxy section */
		3F571F3A1729283B00FBF2AC /* PBXContainerItemProxy */ = {
			isa = PBXContainerItemProxy;
			containerPortal = 3F571F071729283B00FBF2AC /* Project object */;
			proxyType = 1;
			remoteGlobalIDString = 3F571F0E1729283B00FBF2AC;
			remoteInfo = ObjectiveUtilsExamples;
		};
/* End PBXContainerItemProxy section */

/* Begin PBXFileReference section */
		3F571F0F1729283B00FBF2AC /* ObjectiveUtilsExamples.app */ = {isa = PBXFileReference; explicitFileType = wrapper.application; includeInIndex = 0; path = ObjectiveUtilsExamples.app; sourceTree = BUILT_PRODUCTS_DIR; };
		3F571F121729283B00FBF2AC /* UIKit.framework */ = {isa = PBXFileReference; lastKnownFileType = wrapper.framework; name = UIKit.framework; path = System/Library/Frameworks/UIKit.framework; sourceTree = SDKROOT; };
		3F571F141729283B00FBF2AC /* Foundation.framework */ = {isa = PBXFileReference; lastKnownFileType = wrapper.framework; name = Foundation.framework; path = System/Library/Frameworks/Foundation.framework; sourceTree = SDKROOT; };
		3F571F161729283B00FBF2AC /* CoreGraphics.framework */ = {isa = PBXFileReference; lastKnownFileType = wrapper.framework; name = CoreGraphics.framework; path = System/Library/Frameworks/CoreGraphics.framework; sourceTree = SDKROOT; };
		3F571F1A1729283B00FBF2AC /* ObjectiveUtilsExamples-Info.plist */ = {isa = PBXFileReference; lastKnownFileType = text.plist.xml; path = "ObjectiveUtilsExamples-Info.plist"; sourceTree = "<group>"; };
		3F571F1C1729283B00FBF2AC /* en */ = {isa = PBXFileReference; lastKnownFileType = text.plist.strings; name = en; path = en.lproj/InfoPlist.strings; sourceTree = "<group>"; };
		3F571F1E1729283B00FBF2AC /* main.m */ = {isa = PBXFileReference; lastKnownFileType = sourcecode.c.objc; path = main.m; sourceTree = "<group>"; };
		3F571F201729283B00FBF2AC /* ObjectiveUtilsExamples-Prefix.pch */ = {isa = PBXFileReference; lastKnownFileType = sourcecode.c.h; path = "ObjectiveUtilsExamples-Prefix.pch"; sourceTree = "<group>"; };
		3F571F211729283B00FBF2AC /* MGAppDelegate.h */ = {isa = PBXFileReference; lastKnownFileType = sourcecode.c.h; path = MGAppDelegate.h; sourceTree = "<group>"; };
		3F571F221729283B00FBF2AC /* MGAppDelegate.m */ = {isa = PBXFileReference; lastKnownFileType = sourcecode.c.objc; path = MGAppDelegate.m; sourceTree = "<group>"; };
		3F571F241729283B00FBF2AC /* Default.png */ = {isa = PBXFileReference; lastKnownFileType = image.png; path = Default.png; sourceTree = "<group>"; };
		3F571F261729283B00FBF2AC /* Default@2x.png */ = {isa = PBXFileReference; lastKnownFileType = image.png; path = "Default@2x.png"; sourceTree = "<group>"; };
		3F571F281729283B00FBF2AC /* Default-568h@2x.png */ = {isa = PBXFileReference; lastKnownFileType = image.png; path = "Default-568h@2x.png"; sourceTree = "<group>"; };
		3F571F2A1729283B00FBF2AC /* MGViewController.h */ = {isa = PBXFileReference; lastKnownFileType = sourcecode.c.h; path = MGViewController.h; sourceTree = "<group>"; };
		3F571F2B1729283B00FBF2AC /* MGViewController.m */ = {isa = PBXFileReference; lastKnownFileType = sourcecode.c.objc; path = MGViewController.m; sourceTree = "<group>"; };
		3F571F2E1729283B00FBF2AC /* en */ = {isa = PBXFileReference; lastKnownFileType = file.xib; name = en; path = en.lproj/MGViewController.xib; sourceTree = "<group>"; };
		3F571F351729283B00FBF2AC /* ObjectiveUtilsExamplesTests.octest */ = {isa = PBXFileReference; explicitFileType = wrapper.cfbundle; includeInIndex = 0; path = ObjectiveUtilsExamplesTests.octest; sourceTree = BUILT_PRODUCTS_DIR; };
		3F571F361729283B00FBF2AC /* SenTestingKit.framework */ = {isa = PBXFileReference; lastKnownFileType = wrapper.framework; name = SenTestingKit.framework; path = Library/Frameworks/SenTestingKit.framework; sourceTree = DEVELOPER_DIR; };
		3F571F3E1729283B00FBF2AC /* ObjectiveUtilsExamplesTests-Info.plist */ = {isa = PBXFileReference; lastKnownFileType = text.plist.xml; path = "ObjectiveUtilsExamplesTests-Info.plist"; sourceTree = "<group>"; };
		3F571F401729283B00FBF2AC /* en */ = {isa = PBXFileReference; lastKnownFileType = text.plist.strings; name = en; path = en.lproj/InfoPlist.strings; sourceTree = "<group>"; };
		3F571F421729283B00FBF2AC /* ObjectiveUtilsExamplesTests.h */ = {isa = PBXFileReference; lastKnownFileType = sourcecode.c.h; path = ObjectiveUtilsExamplesTests.h; sourceTree = "<group>"; };
		3F571F431729283B00FBF2AC /* ObjectiveUtilsExamplesTests.m */ = {isa = PBXFileReference; lastKnownFileType = sourcecode.c.objc; path = ObjectiveUtilsExamplesTests.m; sourceTree = "<group>"; };
		3F571F4F172928A600FBF2AC /* MGInsetLabel.h */ = {isa = PBXFileReference; fileEncoding = 4; lastKnownFileType = sourcecode.c.h; path = MGInsetLabel.h; sourceTree = "<group>"; };
		3F571F50172928A600FBF2AC /* MGInsetLabel.m */ = {isa = PBXFileReference; fileEncoding = 4; lastKnownFileType = sourcecode.c.objc; path = MGInsetLabel.m; sourceTree = "<group>"; };
/* End PBXFileReference section */

/* Begin PBXFrameworksBuildPhase section */
		3F571F0C1729283B00FBF2AC /* Frameworks */ = {
			isa = PBXFrameworksBuildPhase;
			buildActionMask = 2147483647;
			files = (
				3F571F131729283B00FBF2AC /* UIKit.framework in Frameworks */,
				3F571F151729283B00FBF2AC /* Foundation.framework in Frameworks */,
				3F571F171729283B00FBF2AC /* CoreGraphics.framework in Frameworks */,
			);
			runOnlyForDeploymentPostprocessing = 0;
		};
		3F571F311729283B00FBF2AC /* Frameworks */ = {
			isa = PBXFrameworksBuildPhase;
			buildActionMask = 2147483647;
			files = (
				3F571F371729283B00FBF2AC /* SenTestingKit.framework in Frameworks */,
				3F571F381729283B00FBF2AC /* UIKit.framework in Frameworks */,
				3F571F391729283B00FBF2AC /* Foundation.framework in Frameworks */,
			);
			runOnlyForDeploymentPostprocessing = 0;
		};
/* End PBXFrameworksBuildPhase section */

/* Begin PBXGroup section */
		3F571F061729283B00FBF2AC = {
			isa = PBXGroup;
			children = (
				3F571F4D172928A600FBF2AC /* ObjectiveUtils */,
				3F571F181729283B00FBF2AC /* ObjectiveUtilsExamples */,
				3F571F3C1729283B00FBF2AC /* ObjectiveUtilsExamplesTests */,
				3F571F111729283B00FBF2AC /* Frameworks */,
				3F571F101729283B00FBF2AC /* Products */,
			);
			sourceTree = "<group>";
		};
		3F571F101729283B00FBF2AC /* Products */ = {
			isa = PBXGroup;
			children = (
				3F571F0F1729283B00FBF2AC /* ObjectiveUtilsExamples.app */,
				3F571F351729283B00FBF2AC /* ObjectiveUtilsExamplesTests.octest */,
			);
			name = Products;
			sourceTree = "<group>";
		};
		3F571F111729283B00FBF2AC /* Frameworks */ = {
			isa = PBXGroup;
			children = (
				3F571F121729283B00FBF2AC /* UIKit.framework */,
				3F571F141729283B00FBF2AC /* Foundation.framework */,
				3F571F161729283B00FBF2AC /* CoreGraphics.framework */,
				3F571F361729283B00FBF2AC /* SenTestingKit.framework */,
			);
			name = Frameworks;
			sourceTree = "<group>";
		};
		3F571F181729283B00FBF2AC /* ObjectiveUtilsExamples */ = {
			isa = PBXGroup;
			children = (
				3F571F211729283B00FBF2AC /* MGAppDelegate.h */,
				3F571F221729283B00FBF2AC /* MGAppDelegate.m */,
				3F571F2A1729283B00FBF2AC /* MGViewController.h */,
				3F571F2B1729283B00FBF2AC /* MGViewController.m */,
				3F571F2D1729283B00FBF2AC /* MGViewController.xib */,
				3F571F191729283B00FBF2AC /* Supporting Files */,
			);
			path = ObjectiveUtilsExamples;
			sourceTree = "<group>";
		};
		3F571F191729283B00FBF2AC /* Supporting Files */ = {
			isa = PBXGroup;
			children = (
				3F571F1A1729283B00FBF2AC /* ObjectiveUtilsExamples-Info.plist */,
				3F571F1B1729283B00FBF2AC /* InfoPlist.strings */,
				3F571F1E1729283B00FBF2AC /* main.m */,
				3F571F201729283B00FBF2AC /* ObjectiveUtilsExamples-Prefix.pch */,
				3F571F241729283B00FBF2AC /* Default.png */,
				3F571F261729283B00FBF2AC /* Default@2x.png */,
				3F571F281729283B00FBF2AC /* Default-568h@2x.png */,
			);
			name = "Supporting Files";
			sourceTree = "<group>";
		};
		3F571F3C1729283B00FBF2AC /* ObjectiveUtilsExamplesTests */ = {
			isa = PBXGroup;
			children = (
				3F571F421729283B00FBF2AC /* ObjectiveUtilsExamplesTests.h */,
				3F571F431729283B00FBF2AC /* ObjectiveUtilsExamplesTests.m */,
				3F571F3D1729283B00FBF2AC /* Supporting Files */,
			);
			path = ObjectiveUtilsExamplesTests;
			sourceTree = "<group>";
		};
		3F571F3D1729283B00FBF2AC /* Supporting Files */ = {
			isa = PBXGroup;
			children = (
				3F571F3E1729283B00FBF2AC /* ObjectiveUtilsExamplesTests-Info.plist */,
				3F571F3F1729283B00FBF2AC /* InfoPlist.strings */,
			);
			name = "Supporting Files";
			sourceTree = "<group>";
		};
		3F571F4D172928A600FBF2AC /* ObjectiveUtils */ = {
			isa = PBXGroup;
			children = (
				3F571F4E172928A600FBF2AC /* Classes */,
			);
			name = ObjectiveUtils;
			path = ../ObjectiveUtils;
			sourceTree = "<group>";
		};
		3F571F4E172928A600FBF2AC /* Classes */ = {
			isa = PBXGroup;
			children = (
				3F571F4F172928A600FBF2AC /* MGInsetLabel.h */,
				3F571F50172928A600FBF2AC /* MGInsetLabel.m */,
			);
			path = Classes;
			sourceTree = "<group>";
		};
/* End PBXGroup section */

/* Begin PBXNativeTarget section */
		3F571F0E1729283B00FBF2AC /* ObjectiveUtilsExamples */ = {
			isa = PBXNativeTarget;
			buildConfigurationList = 3F571F471729283B00FBF2AC /* Build configuration list for PBXNativeTarget "ObjectiveUtilsExamples" */;
			buildPhases = (
				3F571F0B1729283B00FBF2AC /* Sources */,
				3F571F0C1729283B00FBF2AC /* Frameworks */,
				3F571F0D1729283B00FBF2AC /* Resources */,
			);
			buildRules = (
			);
			dependencies = (
			);
			name = ObjectiveUtilsExamples;
			productName = ObjectiveUtilsExamples;
			productReference = 3F571F0F1729283B00FBF2AC /* ObjectiveUtilsExamples.app */;
			productType = "com.apple.product-type.application";
		};
		3F571F341729283B00FBF2AC /* ObjectiveUtilsExamplesTests */ = {
			isa = PBXNativeTarget;
			buildConfigurationList = 3F571F4A1729283B00FBF2AC /* Build configuration list for PBXNativeTarget "ObjectiveUtilsExamplesTests" */;
			buildPhases = (
				3F571F301729283B00FBF2AC /* Sources */,
				3F571F311729283B00FBF2AC /* Frameworks */,
				3F571F321729283B00FBF2AC /* Resources */,
				3F571F331729283B00FBF2AC /* ShellScript */,
			);
			buildRules = (
			);
			dependencies = (
				3F571F3B1729283B00FBF2AC /* PBXTargetDependency */,
			);
			name = ObjectiveUtilsExamplesTests;
			productName = ObjectiveUtilsExamplesTests;
			productReference = 3F571F351729283B00FBF2AC /* ObjectiveUtilsExamplesTests.octest */;
			productType = "com.apple.product-type.bundle";
		};
/* End PBXNativeTarget section */

/* Begin PBXProject section */
		3F571F071729283B00FBF2AC /* Project object */ = {
			isa = PBXProject;
			attributes = {
				CLASSPREFIX = MG;
				LastUpgradeCheck = 0460;
				ORGANIZATIONNAME = mokagio;
			};
			buildConfigurationList = 3F571F0A1729283B00FBF2AC /* Build configuration list for PBXProject "ObjectiveUtilsExamples" */;
			compatibilityVersion = "Xcode 3.2";
			developmentRegion = English;
			hasScannedForEncodings = 0;
			knownRegions = (
				en,
			);
			mainGroup = 3F571F061729283B00FBF2AC;
			productRefGroup = 3F571F101729283B00FBF2AC /* Products */;
			projectDirPath = "";
			projectRoot = "";
			targets = (
				3F571F0E1729283B00FBF2AC /* ObjectiveUtilsExamples */,
				3F571F341729283B00FBF2AC /* ObjectiveUtilsExamplesTests */,
			);
		};
/* End PBXProject section */

/* Begin PBXResourcesBuildPhase section */
		3F571F0D1729283B00FBF2AC /* Resources */ = {
			isa = PBXResourcesBuildPhase;
			buildActionMask = 2147483647;
			files = (
				3F571F1D1729283B00FBF2AC /* InfoPlist.strings in Resources */,
				3F571F251729283B00FBF2AC /* Default.png in Resources */,
				3F571F271729283B00FBF2AC /* Default@2x.png in Resources */,
				3F571F291729283B00FBF2AC /* Default-568h@2x.png in Resources */,
				3F571F2F1729283B00FBF2AC /* MGViewController.xib in Resources */,
			);
			runOnlyForDeploymentPostprocessing = 0;
		};
		3F571F321729283B00FBF2AC /* Resources */ = {
			isa = PBXResourcesBuildPhase;
			buildActionMask = 2147483647;
			files = (
				3F571F411729283B00FBF2AC /* InfoPlist.strings in Resources */,
			);
			runOnlyForDeploymentPostprocessing = 0;
		};
/* End PBXResourcesBuildPhase section */

/* Begin PBXShellScriptBuildPhase section */
		3F571F331729283B00FBF2AC /* ShellScript */ = {
			isa = PBXShellScriptBuildPhase;
			buildActionMask = 2147483647;
			files = (
			);
			inputPaths = (
			);
			outputPaths = (
			);
			runOnlyForDeploymentPostprocessing = 0;
			shellPath = /bin/sh;
			shellScript = "# Run the unit tests in this test bundle.\n\"${SYSTEM_DEVELOPER_DIR}/Tools/RunUnitTests\"\n";
		};
/* End PBXShellScriptBuildPhase section */

/* Begin PBXSourcesBuildPhase section */
		3F571F0B1729283B00FBF2AC /* Sources */ = {
			isa = PBXSourcesBuildPhase;
			buildActionMask = 2147483647;
			files = (
				3F571F1F1729283B00FBF2AC /* main.m in Sources */,
				3F571F231729283B00FBF2AC /* MGAppDelegate.m in Sources */,
				3F571F2C1729283B00FBF2AC /* MGViewController.m in Sources */,
				3F571F51172928A600FBF2AC /* MGInsetLabel.m in Sources */,
			);
			runOnlyForDeploymentPostprocessing = 0;
		};
		3F571F301729283B00FBF2AC /* Sources */ = {
			isa = PBXSourcesBuildPhase;
			buildActionMask = 2147483647;
			files = (
				3F571F441729283B00FBF2AC /* ObjectiveUtilsExamplesTests.m in Sources */,
			);
			runOnlyForDeploymentPostprocessing = 0;
		};
/* End PBXSourcesBuildPhase section */

/* Begin PBXTargetDependency section */
		3F571F3B1729283B00FBF2AC /* PBXTargetDependency */ = {
			isa = PBXTargetDependency;
			target = 3F571F0E1729283B00FBF2AC /* ObjectiveUtilsExamples */;
			targetProxy = 3F571F3A1729283B00FBF2AC /* PBXContainerItemProxy */;
		};
/* End PBXTargetDependency section */

/* Begin PBXVariantGroup section */
		3F571F1B1729283B00FBF2AC /* InfoPlist.strings */ = {
			isa = PBXVariantGroup;
			children = (
				3F571F1C1729283B00FBF2AC /* en */,
			);
			name = InfoPlist.strings;
			sourceTree = "<group>";
		};
		3F571F2D1729283B00FBF2AC /* MGViewController.xib */ = {
			isa = PBXVariantGroup;
			children = (
				3F571F2E1729283B00FBF2AC /* en */,
			);
			name = MGViewController.xib;
			sourceTree = "<group>";
		};
		3F571F3F1729283B00FBF2AC /* InfoPlist.strings */ = {
			isa = PBXVariantGroup;
			children = (
				3F571F401729283B00FBF2AC /* en */,
			);
			name = InfoPlist.strings;
			sourceTree = "<group>";
		};
/* End PBXVariantGroup section */

/* Begin XCBuildConfiguration section */
		3F571F451729283B00FBF2AC /* Debug */ = {
			isa = XCBuildConfiguration;
			buildSettings = {
				ALWAYS_SEARCH_USER_PATHS = NO;
				CLANG_CXX_LANGUAGE_STANDARD = "gnu++0x";
				CLANG_CXX_LIBRARY = "libc++";
				CLANG_ENABLE_OBJC_ARC = YES;
				CLANG_WARN_CONSTANT_CONVERSION = YES;
				CLANG_WARN_EMPTY_BODY = YES;
				CLANG_WARN_ENUM_CONVERSION = YES;
				CLANG_WARN_INT_CONVERSION = YES;
				CLANG_WARN__DUPLICATE_METHOD_MATCH = YES;
				"CODE_SIGN_IDENTITY[sdk=iphoneos*]" = "iPhone Developer";
				COPY_PHASE_STRIP = NO;
				GCC_C_LANGUAGE_STANDARD = gnu99;
				GCC_DYNAMIC_NO_PIC = NO;
				GCC_OPTIMIZATION_LEVEL = 0;
				GCC_PREPROCESSOR_DEFINITIONS = (
					"DEBUG=1",
					"$(inherited)",
				);
				GCC_SYMBOLS_PRIVATE_EXTERN = NO;
				GCC_WARN_ABOUT_RETURN_TYPE = YES;
				GCC_WARN_UNINITIALIZED_AUTOS = YES;
				GCC_WARN_UNUSED_VARIABLE = YES;
				IPHONEOS_DEPLOYMENT_TARGET = 6.1;
				ONLY_ACTIVE_ARCH = YES;
				SDKROOT = iphoneos;
			};
			name = Debug;
		};
		3F571F461729283B00FBF2AC /* Release */ = {
			isa = XCBuildConfiguration;
			buildSettings = {
				ALWAYS_SEARCH_USER_PATHS = NO;
				CLANG_CXX_LANGUAGE_STANDARD = "gnu++0x";
				CLANG_CXX_LIBRARY = "libc++";
				CLANG_ENABLE_OBJC_ARC = YES;
				CLANG_WARN_CONSTANT_CONVERSION = YES;
				CLANG_WARN_EMPTY_BODY = YES;
				CLANG_WARN_ENUM_CONVERSION = YES;
				CLANG_WARN_INT_CONVERSION = YES;
				CLANG_WARN__DUPLICATE_METHOD_MATCH = YES;
				"CODE_SIGN_IDENTITY[sdk=iphoneos*]" = "iPhone Developer";
				COPY_PHASE_STRIP = YES;
				GCC_C_LANGUAGE_STANDARD = gnu99;
				GCC_WARN_ABOUT_RETURN_TYPE = YES;
				GCC_WARN_UNINITIALIZED_AUTOS = YES;
				GCC_WARN_UNUSED_VARIABLE = YES;
				IPHONEOS_DEPLOYMENT_TARGET = 6.1;
				OTHER_CFLAGS = "-DNS_BLOCK_ASSERTIONS=1";
				SDKROOT = iphoneos;
				VALIDATE_PRODUCT = YES;
			};
			name = Release;
		};
		3F571F481729283B00FBF2AC /* Debug */ = {
			isa = XCBuildConfiguration;
			buildSettings = {
				GCC_PRECOMPILE_PREFIX_HEADER = YES;
				GCC_PREFIX_HEADER = "ObjectiveUtilsExamples/ObjectiveUtilsExamples-Prefix.pch";
				INFOPLIST_FILE = "ObjectiveUtilsExamples/ObjectiveUtilsExamples-Info.plist";
				PRODUCT_NAME = "$(TARGET_NAME)";
				WRAPPER_EXTENSION = app;
			};
			name = Debug;
		};
		3F571F491729283B00FBF2AC /* Release */ = {
			isa = XCBuildConfiguration;
			buildSettings = {
				GCC_PRECOMPILE_PREFIX_HEADER = YES;
				GCC_PREFIX_HEADER = "ObjectiveUtilsExamples/ObjectiveUtilsExamples-Prefix.pch";
				INFOPLIST_FILE = "ObjectiveUtilsExamples/ObjectiveUtilsExamples-Info.plist";
				PRODUCT_NAME = "$(TARGET_NAME)";
				WRAPPER_EXTENSION = app;
			};
			name = Release;
		};
		3F571F4B1729283B00FBF2AC /* Debug */ = {
			isa = XCBuildConfiguration;
			buildSettings = {
				BUNDLE_LOADER = "$(BUILT_PRODUCTS_DIR)/ObjectiveUtilsExamples.app/ObjectiveUtilsExamples";
				FRAMEWORK_SEARCH_PATHS = (
					"\"$(SDKROOT)/Developer/Library/Frameworks\"",
					"\"$(DEVELOPER_LIBRARY_DIR)/Frameworks\"",
				);
				GCC_PRECOMPILE_PREFIX_HEADER = YES;
				GCC_PREFIX_HEADER = "ObjectiveUtilsExamples/ObjectiveUtilsExamples-Prefix.pch";
				INFOPLIST_FILE = "ObjectiveUtilsExamplesTests/ObjectiveUtilsExamplesTests-Info.plist";
				PRODUCT_NAME = "$(TARGET_NAME)";
				TEST_HOST = "$(BUNDLE_LOADER)";
				WRAPPER_EXTENSION = octest;
			};
			name = Debug;
		};
		3F571F4C1729283B00FBF2AC /* Release */ = {
			isa = XCBuildConfiguration;
			buildSettings = {
				BUNDLE_LOADER = "$(BUILT_PRODUCTS_DIR)/ObjectiveUtilsExamples.app/ObjectiveUtilsExamples";
				FRAMEWORK_SEARCH_PATHS = (
					"\"$(SDKROOT)/Developer/Library/Frameworks\"",
					"\"$(DEVELOPER_LIBRARY_DIR)/Frameworks\"",
				);
				GCC_PRECOMPILE_PREFIX_HEADER = YES;
				GCC_PREFIX_HEADER = "ObjectiveUtilsExamples/ObjectiveUtilsExamples-Prefix.pch";
				INFOPLIST_FILE = "ObjectiveUtilsExamplesTests/ObjectiveUtilsExamplesTests-Info.plist";
				PRODUCT_NAME = "$(TARGET_NAME)";
				TEST_HOST = "$(BUNDLE_LOADER)";
				WRAPPER_EXTENSION = octest;
			};
			name = Release;
		};
/* End XCBuildConfiguration section */

/* Begin XCConfigurationList section */
		3F571F0A1729283B00FBF2AC /* Build configuration list for PBXProject "ObjectiveUtilsExamples" */ = {
			isa = XCConfigurationList;
			buildConfigurations = (
				3F571F451729283B00FBF2AC /* Debug */,
				3F571F461729283B00FBF2AC /* Release */,
			);
			defaultConfigurationIsVisible = 0;
			defaultConfigurationName = Release;
		};
		3F571F471729283B00FBF2AC /* Build configuration list for PBXNativeTarget "ObjectiveUtilsExamples" */ = {
			isa = XCConfigurationList;
			buildConfigurations = (
				3F571F481729283B00FBF2AC /* Debug */,
				3F571F491729283B00FBF2AC /* Release */,
			);
			defaultConfigurationIsVisible = 0;
		};
		3F571F4A1729283B00FBF2AC /* Build configuration list for PBXNativeTarget "ObjectiveUtilsExamplesTests" */ = {
			isa = XCConfigurationList;
			buildConfigurations = (
				3F571F4B1729283B00FBF2AC /* Debug */,
				3F571F4C1729283B00FBF2AC /* Release */,
			);
			defaultConfigurationIsVisible = 0;
		};
/* End XCConfigurationList section */
	};
	rootObject = 3F571F071729283B00FBF2AC /* Project object */;
}
